// !$*UTF8*$!
{
	archiveVersion = 1;
	classes = {
	};
	objectVersion = 46;
	objects = {

/* Begin PBXBuildFile section */
		0322DDFE1E6541BC00C335F3 /* DropShadowView.swift in Sources */ = {isa = PBXBuildFile; fileRef = 0322DDFD1E6541BC00C335F3 /* DropShadowView.swift */; };
		0322DE001E6547A000C335F3 /* MovieStructTests.swift in Sources */ = {isa = PBXBuildFile; fileRef = 0322DDFF1E6547A000C335F3 /* MovieStructTests.swift */; };
		0322DE021E654ADB00C335F3 /* Movie.swift in Sources */ = {isa = PBXBuildFile; fileRef = 0322DE011E654ADB00C335F3 /* Movie.swift */; };
		0322DE081E66AA2000C335F3 /* MovieManagerTests.swift in Sources */ = {isa = PBXBuildFile; fileRef = 0322DE071E66AA2000C335F3 /* MovieManagerTests.swift */; };
		0322DE0A1E66ADE100C335F3 /* MovieManager.swift in Sources */ = {isa = PBXBuildFile; fileRef = 0322DE091E66ADE100C335F3 /* MovieManager.swift */; };
		03D654001E6C044100EB13F1 /* MovieLibraryViewControllerTests.swift in Sources */ = {isa = PBXBuildFile; fileRef = 03D653FF1E6C044100EB13F1 /* MovieLibraryViewControllerTests.swift */; };
		2E95D7A35A50B5A140C4D20E /* Pods_FilmFestTests.framework in Frameworks */ = {isa = PBXBuildFile; fileRef = A6B9CBAD60B36CA80B260A5E /* Pods_FilmFestTests.framework */; };
		36575DD01DB56FB50023D5CB /* AppDelegate.swift in Sources */ = {isa = PBXBuildFile; fileRef = 36575DCF1DB56FB50023D5CB /* AppDelegate.swift */; };
		36575DD21DB56FB50023D5CB /* MovieLibraryViewController.swift in Sources */ = {isa = PBXBuildFile; fileRef = 36575DD11DB56FB50023D5CB /* MovieLibraryViewController.swift */; };
		36575DD51DB56FB50023D5CB /* Main.storyboard in Resources */ = {isa = PBXBuildFile; fileRef = 36575DD31DB56FB50023D5CB /* Main.storyboard */; };
		36575DD71DB56FB50023D5CB /* Assets.xcassets in Resources */ = {isa = PBXBuildFile; fileRef = 36575DD61DB56FB50023D5CB /* Assets.xcassets */; };
		36575DDA1DB56FB50023D5CB /* LaunchScreen.storyboard in Resources */ = {isa = PBXBuildFile; fileRef = 36575DD81DB56FB50023D5CB /* LaunchScreen.storyboard */; };
		3F52D9EED55D3D3838CD6586 /* Pods_FilmFest.framework in Frameworks */ = {isa = PBXBuildFile; fileRef = 9C473A92678C2D4E919B8935 /* Pods_FilmFest.framework */; };
/* End PBXBuildFile section */

/* Begin PBXContainerItemProxy section */
		36575DE11DB56FB50023D5CB /* PBXContainerItemProxy */ = {
			isa = PBXContainerItemProxy;
			containerPortal = 36575DC41DB56FB50023D5CB /* Project object */;
			proxyType = 1;
			remoteGlobalIDString = 36575DCB1DB56FB50023D5CB;
			remoteInfo = FilmFest;
		};
/* End PBXContainerItemProxy section */

/* Begin PBXFileReference section */
		0322DDFD1E6541BC00C335F3 /* DropShadowView.swift */ = {isa = PBXFileReference; fileEncoding = 4; lastKnownFileType = sourcecode.swift; path = DropShadowView.swift; sourceTree = "<group>"; };
		0322DDFF1E6547A000C335F3 /* MovieStructTests.swift */ = {isa = PBXFileReference; fileEncoding = 4; lastKnownFileType = sourcecode.swift; path = MovieStructTests.swift; sourceTree = "<group>"; };
		0322DE011E654ADB00C335F3 /* Movie.swift */ = {isa = PBXFileReference; fileEncoding = 4; lastKnownFileType = sourcecode.swift; path = Movie.swift; sourceTree = "<group>"; };
		0322DE071E66AA2000C335F3 /* MovieManagerTests.swift */ = {isa = PBXFileReference; fileEncoding = 4; lastKnownFileType = sourcecode.swift; path = MovieManagerTests.swift; sourceTree = "<group>"; };
		0322DE091E66ADE100C335F3 /* MovieManager.swift */ = {isa = PBXFileReference; fileEncoding = 4; lastKnownFileType = sourcecode.swift; path = MovieManager.swift; sourceTree = "<group>"; };
		03C0E3E91E36EAC01A784919 /* Pods-FilmFestTests.debug.xcconfig */ = {isa = PBXFileReference; includeInIndex = 1; lastKnownFileType = text.xcconfig; name = "Pods-FilmFestTests.debug.xcconfig"; path = "Pods/Target Support Files/Pods-FilmFestTests/Pods-FilmFestTests.debug.xcconfig"; sourceTree = "<group>"; };
		03D653FF1E6C044100EB13F1 /* MovieLibraryViewControllerTests.swift */ = {isa = PBXFileReference; fileEncoding = 4; lastKnownFileType = sourcecode.swift; path = MovieLibraryViewControllerTests.swift; sourceTree = "<group>"; };
		281F261CC0B484D274D26F4B /* Pods-FilmFestTests.release.xcconfig */ = {isa = PBXFileReference; includeInIndex = 1; lastKnownFileType = text.xcconfig; name = "Pods-FilmFestTests.release.xcconfig"; path = "Pods/Target Support Files/Pods-FilmFestTests/Pods-FilmFestTests.release.xcconfig"; sourceTree = "<group>"; };
		36575DCC1DB56FB50023D5CB /* FilmFest.app */ = {isa = PBXFileReference; explicitFileType = wrapper.application; includeInIndex = 0; path = FilmFest.app; sourceTree = BUILT_PRODUCTS_DIR; };
		36575DCF1DB56FB50023D5CB /* AppDelegate.swift */ = {isa = PBXFileReference; lastKnownFileType = sourcecode.swift; path = AppDelegate.swift; sourceTree = "<group>"; };
		36575DD11DB56FB50023D5CB /* MovieLibraryViewController.swift */ = {isa = PBXFileReference; lastKnownFileType = sourcecode.swift; path = MovieLibraryViewController.swift; sourceTree = "<group>"; };
		36575DD41DB56FB50023D5CB /* Base */ = {isa = PBXFileReference; lastKnownFileType = file.storyboard; name = Base; path = Base.lproj/Main.storyboard; sourceTree = "<group>"; };
		36575DD61DB56FB50023D5CB /* Assets.xcassets */ = {isa = PBXFileReference; lastKnownFileType = folder.assetcatalog; path = Assets.xcassets; sourceTree = "<group>"; };
		36575DD91DB56FB50023D5CB /* Base */ = {isa = PBXFileReference; lastKnownFileType = file.storyboard; name = Base; path = Base.lproj/LaunchScreen.storyboard; sourceTree = "<group>"; };
		36575DDB1DB56FB50023D5CB /* Info.plist */ = {isa = PBXFileReference; lastKnownFileType = text.plist.xml; path = Info.plist; sourceTree = "<group>"; };
		36575DE01DB56FB50023D5CB /* FilmFestTests.xctest */ = {isa = PBXFileReference; explicitFileType = wrapper.cfbundle; includeInIndex = 0; path = FilmFestTests.xctest; sourceTree = BUILT_PRODUCTS_DIR; };
		36575DE61DB56FB50023D5CB /* Info.plist */ = {isa = PBXFileReference; lastKnownFileType = text.plist.xml; path = Info.plist; sourceTree = "<group>"; };
		38FBCC1499EA4118C90D696F /* Pods-FilmFest.release.xcconfig */ = {isa = PBXFileReference; includeInIndex = 1; lastKnownFileType = text.xcconfig; name = "Pods-FilmFest.release.xcconfig"; path = "Pods/Target Support Files/Pods-FilmFest/Pods-FilmFest.release.xcconfig"; sourceTree = "<group>"; };
		40AE73C538C51DCFAEB02296 /* Pods-FilmFest.debug.xcconfig */ = {isa = PBXFileReference; includeInIndex = 1; lastKnownFileType = text.xcconfig; name = "Pods-FilmFest.debug.xcconfig"; path = "Pods/Target Support Files/Pods-FilmFest/Pods-FilmFest.debug.xcconfig"; sourceTree = "<group>"; };
		9C473A92678C2D4E919B8935 /* Pods_FilmFest.framework */ = {isa = PBXFileReference; explicitFileType = wrapper.framework; includeInIndex = 0; path = Pods_FilmFest.framework; sourceTree = BUILT_PRODUCTS_DIR; };
		A6B9CBAD60B36CA80B260A5E /* Pods_FilmFestTests.framework */ = {isa = PBXFileReference; explicitFileType = wrapper.framework; includeInIndex = 0; path = Pods_FilmFestTests.framework; sourceTree = BUILT_PRODUCTS_DIR; };
/* End PBXFileReference section */

/* Begin PBXFrameworksBuildPhase section */
		36575DC91DB56FB50023D5CB /* Frameworks */ = {
			isa = PBXFrameworksBuildPhase;
			buildActionMask = 2147483647;
			files = (
				3F52D9EED55D3D3838CD6586 /* Pods_FilmFest.framework in Frameworks */,
			);
			runOnlyForDeploymentPostprocessing = 0;
		};
		36575DDD1DB56FB50023D5CB /* Frameworks */ = {
			isa = PBXFrameworksBuildPhase;
			buildActionMask = 2147483647;
			files = (
				2E95D7A35A50B5A140C4D20E /* Pods_FilmFestTests.framework in Frameworks */,
			);
			runOnlyForDeploymentPostprocessing = 0;
		};
/* End PBXFrameworksBuildPhase section */

/* Begin PBXGroup section */
		0322DE031E664BC500C335F3 /* Model */ = {
			isa = PBXGroup;
			children = (
				0322DE011E654ADB00C335F3 /* Movie.swift */,
				0322DE091E66ADE100C335F3 /* MovieManager.swift */,
			);
			name = Model;
			sourceTree = "<group>";
		};
		0322DE041E664BCB00C335F3 /* TestModel */ = {
			isa = PBXGroup;
			children = (
				0322DE071E66AA2000C335F3 /* MovieManagerTests.swift */,
				0322DDFF1E6547A000C335F3 /* MovieStructTests.swift */,
			);
			name = TestModel;
			sourceTree = "<group>";
		};
		0322DE051E664C5300C335F3 /* Controllers */ = {
			isa = PBXGroup;
			children = (
				36575DD11DB56FB50023D5CB /* MovieLibraryViewController.swift */,
			);
			name = Controllers;
			sourceTree = "<group>";
		};
		0322DE061E664C5900C335F3 /* TestControllers */ = {
			isa = PBXGroup;
			children = (
				03D653FF1E6C044100EB13F1 /* MovieLibraryViewControllerTests.swift */,
			);
			name = TestControllers;
			sourceTree = "<group>";
		};
		36575DC31DB56FB50023D5CB = {
			isa = PBXGroup;
			children = (
				36575DCE1DB56FB50023D5CB /* FilmFest */,
				36575DE31DB56FB50023D5CB /* FilmFestTests */,
				36575DCD1DB56FB50023D5CB /* Products */,
				CAA4E0745E3744A712A560D7 /* Pods */,
				BA9926F08635706973D7115F /* Frameworks */,
			);
			sourceTree = "<group>";
		};
		36575DCD1DB56FB50023D5CB /* Products */ = {
			isa = PBXGroup;
			children = (
				36575DCC1DB56FB50023D5CB /* FilmFest.app */,
				36575DE01DB56FB50023D5CB /* FilmFestTests.xctest */,
			);
			name = Products;
			sourceTree = "<group>";
		};
		36575DCE1DB56FB50023D5CB /* FilmFest */ = {
			isa = PBXGroup;
			children = (
				36575DCF1DB56FB50023D5CB /* AppDelegate.swift */,
				0322DE051E664C5300C335F3 /* Controllers */,
				0322DE031E664BC500C335F3 /* Model */,
				0322DDFD1E6541BC00C335F3 /* DropShadowView.swift */,
				36575DD31DB56FB50023D5CB /* Main.storyboard */,
				36575DD61DB56FB50023D5CB /* Assets.xcassets */,
				36575DD81DB56FB50023D5CB /* LaunchScreen.storyboard */,
				36575DDB1DB56FB50023D5CB /* Info.plist */,
			);
			path = FilmFest;
			sourceTree = "<group>";
		};
		36575DE31DB56FB50023D5CB /* FilmFestTests */ = {
			isa = PBXGroup;
			children = (
				0322DE061E664C5900C335F3 /* TestControllers */,
				0322DE041E664BCB00C335F3 /* TestModel */,
				36575DE61DB56FB50023D5CB /* Info.plist */,
			);
			path = FilmFestTests;
			sourceTree = "<group>";
		};
		BA9926F08635706973D7115F /* Frameworks */ = {
			isa = PBXGroup;
			children = (
				9C473A92678C2D4E919B8935 /* Pods_FilmFest.framework */,
				A6B9CBAD60B36CA80B260A5E /* Pods_FilmFestTests.framework */,
			);
			name = Frameworks;
			sourceTree = "<group>";
		};
		CAA4E0745E3744A712A560D7 /* Pods */ = {
			isa = PBXGroup;
			children = (
				40AE73C538C51DCFAEB02296 /* Pods-FilmFest.debug.xcconfig */,
				38FBCC1499EA4118C90D696F /* Pods-FilmFest.release.xcconfig */,
				03C0E3E91E36EAC01A784919 /* Pods-FilmFestTests.debug.xcconfig */,
				281F261CC0B484D274D26F4B /* Pods-FilmFestTests.release.xcconfig */,
			);
			name = Pods;
			sourceTree = "<group>";
		};
/* End PBXGroup section */

/* Begin PBXNativeTarget section */
		36575DCB1DB56FB50023D5CB /* FilmFest */ = {
			isa = PBXNativeTarget;
			buildConfigurationList = 36575DE91DB56FB50023D5CB /* Build configuration list for PBXNativeTarget "FilmFest" */;
			buildPhases = (
				C49C01AB8DC5B0B9DDEB2FBF /* [CP] Check Pods Manifest.lock */,
				36575DC81DB56FB50023D5CB /* Sources */,
				36575DC91DB56FB50023D5CB /* Frameworks */,
				36575DCA1DB56FB50023D5CB /* Resources */,
				47ABE7C471A12EF0C2448C23 /* [CP] Embed Pods Frameworks */,
				5711BB581372BE776F242B81 /* [CP] Copy Pods Resources */,
			);
			buildRules = (
			);
			dependencies = (
			);
			name = FilmFest;
			productName = FilmFest;
			productReference = 36575DCC1DB56FB50023D5CB /* FilmFest.app */;
			productType = "com.apple.product-type.application";
		};
		36575DDF1DB56FB50023D5CB /* FilmFestTests */ = {
			isa = PBXNativeTarget;
			buildConfigurationList = 36575DEC1DB56FB50023D5CB /* Build configuration list for PBXNativeTarget "FilmFestTests" */;
			buildPhases = (
				AC60F31C55639F2060B44FD0 /* [CP] Check Pods Manifest.lock */,
				36575DDC1DB56FB50023D5CB /* Sources */,
				36575DDD1DB56FB50023D5CB /* Frameworks */,
				36575DDE1DB56FB50023D5CB /* Resources */,
				A741BF74C8D82A840B6EC975 /* [CP] Embed Pods Frameworks */,
				60EB3C94334B59AE117273AA /* [CP] Copy Pods Resources */,
			);
			buildRules = (
			);
			dependencies = (
				36575DE21DB56FB50023D5CB /* PBXTargetDependency */,
			);
			name = FilmFestTests;
			productName = FilmFestTests;
			productReference = 36575DE01DB56FB50023D5CB /* FilmFestTests.xctest */;
			productType = "com.apple.product-type.bundle.unit-test";
		};
/* End PBXNativeTarget section */

/* Begin PBXProject section */
		36575DC41DB56FB50023D5CB /* Project object */ = {
			isa = PBXProject;
			attributes = {
				LastSwiftUpdateCheck = 0800;
				LastUpgradeCheck = 0820;
				ORGANIZATIONNAME = "Harrison Ferrone";
				TargetAttributes = {
					36575DCB1DB56FB50023D5CB = {
						CreatedOnToolsVersion = 8.0;
						LastSwiftMigration = 0800;
						ProvisioningStyle = Automatic;
					};
					36575DDF1DB56FB50023D5CB = {
						CreatedOnToolsVersion = 8.0;
						LastSwiftMigration = 0800;
						ProvisioningStyle = Automatic;
						TestTargetID = 36575DCB1DB56FB50023D5CB;
					};
				};
			};
			buildConfigurationList = 36575DC71DB56FB50023D5CB /* Build configuration list for PBXProject "FilmFest" */;
			compatibilityVersion = "Xcode 3.2";
			developmentRegion = English;
			hasScannedForEncodings = 0;
			knownRegions = (
				en,
				Base,
			);
			mainGroup = 36575DC31DB56FB50023D5CB;
			productRefGroup = 36575DCD1DB56FB50023D5CB /* Products */;
			projectDirPath = "";
			projectRoot = "";
			targets = (
				36575DCB1DB56FB50023D5CB /* FilmFest */,
				36575DDF1DB56FB50023D5CB /* FilmFestTests */,
			);
		};
/* End PBXProject section */

/* Begin PBXResourcesBuildPhase section */
		36575DCA1DB56FB50023D5CB /* Resources */ = {
			isa = PBXResourcesBuildPhase;
			buildActionMask = 2147483647;
			files = (
				36575DDA1DB56FB50023D5CB /* LaunchScreen.storyboard in Resources */,
				36575DD71DB56FB50023D5CB /* Assets.xcassets in Resources */,
				36575DD51DB56FB50023D5CB /* Main.storyboard in Resources */,
			);
			runOnlyForDeploymentPostprocessing = 0;
		};
		36575DDE1DB56FB50023D5CB /* Resources */ = {
			isa = PBXResourcesBuildPhase;
			buildActionMask = 2147483647;
			files = (
			);
			runOnlyForDeploymentPostprocessing = 0;
		};
/* End PBXResourcesBuildPhase section */

/* Begin PBXShellScriptBuildPhase section */
		47ABE7C471A12EF0C2448C23 /* [CP] Embed Pods Frameworks */ = {
			isa = PBXShellScriptBuildPhase;
			buildActionMask = 2147483647;
			files = (
			);
			inputPaths = (
			);
			name = "[CP] Embed Pods Frameworks";
			outputPaths = (
			);
			runOnlyForDeploymentPostprocessing = 0;
			shellPath = /bin/sh;
			shellScript = "\"${SRCROOT}/Pods/Target Support Files/Pods-FilmFest/Pods-FilmFest-frameworks.sh\"\n";
			showEnvVarsInLog = 0;
		};
		5711BB581372BE776F242B81 /* [CP] Copy Pods Resources */ = {
			isa = PBXShellScriptBuildPhase;
			buildActionMask = 2147483647;
			files = (
			);
			inputPaths = (
			);
			name = "[CP] Copy Pods Resources";
			outputPaths = (
			);
			runOnlyForDeploymentPostprocessing = 0;
			shellPath = /bin/sh;
			shellScript = "\"${SRCROOT}/Pods/Target Support Files/Pods-FilmFest/Pods-FilmFest-resources.sh\"\n";
			showEnvVarsInLog = 0;
		};
		60EB3C94334B59AE117273AA /* [CP] Copy Pods Resources */ = {
			isa = PBXShellScriptBuildPhase;
			buildActionMask = 2147483647;
			files = (
			);
			inputPaths = (
			);
			name = "[CP] Copy Pods Resources";
			outputPaths = (
			);
			runOnlyForDeploymentPostprocessing = 0;
			shellPath = /bin/sh;
			shellScript = "\"${SRCROOT}/Pods/Target Support Files/Pods-FilmFestTests/Pods-FilmFestTests-resources.sh\"\n";
			showEnvVarsInLog = 0;
		};
		A741BF74C8D82A840B6EC975 /* [CP] Embed Pods Frameworks */ = {
			isa = PBXShellScriptBuildPhase;
			buildActionMask = 2147483647;
			files = (
			);
			inputPaths = (
			);
			name = "[CP] Embed Pods Frameworks";
			outputPaths = (
			);
			runOnlyForDeploymentPostprocessing = 0;
			shellPath = /bin/sh;
			shellScript = "\"${SRCROOT}/Pods/Target Support Files/Pods-FilmFestTests/Pods-FilmFestTests-frameworks.sh\"\n";
			showEnvVarsInLog = 0;
		};
		AC60F31C55639F2060B44FD0 /* [CP] Check Pods Manifest.lock */ = {
			isa = PBXShellScriptBuildPhase;
			buildActionMask = 2147483647;
			files = (
			);
			inputPaths = (
			);
			name = "[CP] Check Pods Manifest.lock";
			outputPaths = (
			);
			runOnlyForDeploymentPostprocessing = 0;
			shellPath = /bin/sh;
			shellScript = "diff \"${PODS_ROOT}/../Podfile.lock\" \"${PODS_ROOT}/Manifest.lock\" > /dev/null\nif [ $? != 0 ] ; then\n    # print error to STDERR\n    echo \"error: The sandbox is not in sync with the Podfile.lock. Run 'pod install' or update your CocoaPods installation.\" >&2\n    exit 1\nfi\n";
			showEnvVarsInLog = 0;
		};
		C49C01AB8DC5B0B9DDEB2FBF /* [CP] Check Pods Manifest.lock */ = {
			isa = PBXShellScriptBuildPhase;
			buildActionMask = 2147483647;
			files = (
			);
			inputPaths = (
			);
			name = "[CP] Check Pods Manifest.lock";
			outputPaths = (
			);
			runOnlyForDeploymentPostprocessing = 0;
			shellPath = /bin/sh;
			shellScript = "diff \"${PODS_ROOT}/../Podfile.lock\" \"${PODS_ROOT}/Manifest.lock\" > /dev/null\nif [ $? != 0 ] ; then\n    # print error to STDERR\n    echo \"error: The sandbox is not in sync with the Podfile.lock. Run 'pod install' or update your CocoaPods installation.\" >&2\n    exit 1\nfi\n";
			showEnvVarsInLog = 0;
		};
/* End PBXShellScriptBuildPhase section */

/* Begin PBXSourcesBuildPhase section */
		36575DC81DB56FB50023D5CB /* Sources */ = {
			isa = PBXSourcesBuildPhase;
			buildActionMask = 2147483647;
			files = (
				0322DDFE1E6541BC00C335F3 /* DropShadowView.swift in Sources */,
				36575DD21DB56FB50023D5CB /* MovieLibraryViewController.swift in Sources */,
				0322DE0A1E66ADE100C335F3 /* MovieManager.swift in Sources */,
				0322DE021E654ADB00C335F3 /* Movie.swift in Sources */,
				36575DD01DB56FB50023D5CB /* AppDelegate.swift in Sources */,
			);
			runOnlyForDeploymentPostprocessing = 0;
		};
		36575DDC1DB56FB50023D5CB /* Sources */ = {
			isa = PBXSourcesBuildPhase;
			buildActionMask = 2147483647;
			files = (
				0322DE081E66AA2000C335F3 /* MovieManagerTests.swift in Sources */,
				0322DE001E6547A000C335F3 /* MovieStructTests.swift in Sources */,
				03D654001E6C044100EB13F1 /* MovieLibraryViewControllerTests.swift in Sources */,
			);
			runOnlyForDeploymentPostprocessing = 0;
		};
/* End PBXSourcesBuildPhase section */

/* Begin PBXTargetDependency section */
		36575DE21DB56FB50023D5CB /* PBXTargetDependency */ = {
			isa = PBXTargetDependency;
			target = 36575DCB1DB56FB50023D5CB /* FilmFest */;
			targetProxy = 36575DE11DB56FB50023D5CB /* PBXContainerItemProxy */;
		};
/* End PBXTargetDependency section */

/* Begin PBXVariantGroup section */
		36575DD31DB56FB50023D5CB /* Main.storyboard */ = {
			isa = PBXVariantGroup;
			children = (
				36575DD41DB56FB50023D5CB /* Base */,
			);
			name = Main.storyboard;
			sourceTree = "<group>";
		};
		36575DD81DB56FB50023D5CB /* LaunchScreen.storyboard */ = {
			isa = PBXVariantGroup;
			children = (
				36575DD91DB56FB50023D5CB /* Base */,
			);
			name = LaunchScreen.storyboard;
			sourceTree = "<group>";
		};
/* End PBXVariantGroup section */

/* Begin XCBuildConfiguration section */
		36575DE71DB56FB50023D5CB /* Debug */ = {
			isa = XCBuildConfiguration;
			buildSettings = {
				ALWAYS_SEARCH_USER_PATHS = NO;
				CLANG_ANALYZER_NONNULL = YES;
				CLANG_CXX_LANGUAGE_STANDARD = "gnu++0x";
				CLANG_CXX_LIBRARY = "libc++";
				CLANG_ENABLE_MODULES = YES;
				CLANG_ENABLE_OBJC_ARC = YES;
				CLANG_WARN_BOOL_CONVERSION = YES;
				CLANG_WARN_CONSTANT_CONVERSION = YES;
				CLANG_WARN_DIRECT_OBJC_ISA_USAGE = YES_ERROR;
				CLANG_WARN_DOCUMENTATION_COMMENTS = YES;
				CLANG_WARN_EMPTY_BODY = YES;
				CLANG_WARN_ENUM_CONVERSION = YES;
				CLANG_WARN_INFINITE_RECURSION = YES;
				CLANG_WARN_INT_CONVERSION = YES;
				CLANG_WARN_OBJC_ROOT_CLASS = YES_ERROR;
				CLANG_WARN_SUSPICIOUS_MOVE = YES;
				CLANG_WARN_SUSPICIOUS_MOVES = YES;
				CLANG_WARN_UNREACHABLE_CODE = YES;
				CLANG_WARN__DUPLICATE_METHOD_MATCH = YES;
				"CODE_SIGN_IDENTITY[sdk=iphoneos*]" = "iPhone Developer";
				COPY_PHASE_STRIP = NO;
				DEBUG_INFORMATION_FORMAT = dwarf;
				ENABLE_STRICT_OBJC_MSGSEND = YES;
				ENABLE_TESTABILITY = YES;
				GCC_C_LANGUAGE_STANDARD = gnu99;
				GCC_DYNAMIC_NO_PIC = NO;
				GCC_NO_COMMON_BLOCKS = YES;
				GCC_OPTIMIZATION_LEVEL = 0;
				GCC_PREPROCESSOR_DEFINITIONS = (
					"DEBUG=1",
					"$(inherited)",
				);
				GCC_WARN_64_TO_32_BIT_CONVERSION = YES;
				GCC_WARN_ABOUT_RETURN_TYPE = YES_ERROR;
				GCC_WARN_UNDECLARED_SELECTOR = YES;
				GCC_WARN_UNINITIALIZED_AUTOS = YES_AGGRESSIVE;
				GCC_WARN_UNUSED_FUNCTION = YES;
				GCC_WARN_UNUSED_VARIABLE = YES;
				IPHONEOS_DEPLOYMENT_TARGET = 10.0;
				MTL_ENABLE_DEBUG_INFO = YES;
				ONLY_ACTIVE_ARCH = YES;
				SDKROOT = iphoneos;
				SWIFT_ACTIVE_COMPILATION_CONDITIONS = DEBUG;
				SWIFT_OPTIMIZATION_LEVEL = "-Onone";
			};
			name = Debug;
		};
		36575DE81DB56FB50023D5CB /* Release */ = {
			isa = XCBuildConfiguration;
			buildSettings = {
				ALWAYS_SEARCH_USER_PATHS = NO;
				CLANG_ANALYZER_NONNULL = YES;
				CLANG_CXX_LANGUAGE_STANDARD = "gnu++0x";
				CLANG_CXX_LIBRARY = "libc++";
				CLANG_ENABLE_MODULES = YES;
				CLANG_ENABLE_OBJC_ARC = YES;
				CLANG_WARN_BOOL_CONVERSION = YES;
				CLANG_WARN_CONSTANT_CONVERSION = YES;
				CLANG_WARN_DIRECT_OBJC_ISA_USAGE = YES_ERROR;
				CLANG_WARN_DOCUMENTATION_COMMENTS = YES;
				CLANG_WARN_EMPTY_BODY = YES;
				CLANG_WARN_ENUM_CONVERSION = YES;
				CLANG_WARN_INFINITE_RECURSION = YES;
				CLANG_WARN_INT_CONVERSION = YES;
				CLANG_WARN_OBJC_ROOT_CLASS = YES_ERROR;
				CLANG_WARN_SUSPICIOUS_MOVE = YES;
				CLANG_WARN_SUSPICIOUS_MOVES = YES;
				CLANG_WARN_UNREACHABLE_CODE = YES;
				CLANG_WARN__DUPLICATE_METHOD_MATCH = YES;
				"CODE_SIGN_IDENTITY[sdk=iphoneos*]" = "iPhone Developer";
				COPY_PHASE_STRIP = NO;
				DEBUG_INFORMATION_FORMAT = "dwarf-with-dsym";
				ENABLE_NS_ASSERTIONS = NO;
				ENABLE_STRICT_OBJC_MSGSEND = YES;
				GCC_C_LANGUAGE_STANDARD = gnu99;
				GCC_NO_COMMON_BLOCKS = YES;
				GCC_WARN_64_TO_32_BIT_CONVERSION = YES;
				GCC_WARN_ABOUT_RETURN_TYPE = YES_ERROR;
				GCC_WARN_UNDECLARED_SELECTOR = YES;
				GCC_WARN_UNINITIALIZED_AUTOS = YES_AGGRESSIVE;
				GCC_WARN_UNUSED_FUNCTION = YES;
				GCC_WARN_UNUSED_VARIABLE = YES;
				IPHONEOS_DEPLOYMENT_TARGET = 10.0;
				MTL_ENABLE_DEBUG_INFO = NO;
				SDKROOT = iphoneos;
				SWIFT_OPTIMIZATION_LEVEL = "-Owholemodule";
				VALIDATE_PRODUCT = YES;
			};
			name = Release;
		};
		36575DEA1DB56FB50023D5CB /* Debug */ = {
			isa = XCBuildConfiguration;
			baseConfigurationReference = 40AE73C538C51DCFAEB02296 /* Pods-FilmFest.debug.xcconfig */;
			buildSettings = {
				ALWAYS_EMBED_SWIFT_STANDARD_LIBRARIES = YES;
				ASSETCATALOG_COMPILER_APPICON_NAME = AppIcon;
				INFOPLIST_FILE = FilmFest/Info.plist;
				LD_RUNPATH_SEARCH_PATHS = "$(inherited) @executable_path/Frameworks";
				PRODUCT_BUNDLE_IDENTIFIER = com.HF.FilmFest;
				PRODUCT_NAME = "$(TARGET_NAME)";
				SWIFT_VERSION = 3.0;
			};
			name = Debug;
		};
		36575DEB1DB56FB50023D5CB /* Release */ = {
			isa = XCBuildConfiguration;
			baseConfigurationReference = 38FBCC1499EA4118C90D696F /* Pods-FilmFest.release.xcconfig */;
			buildSettings = {
				ALWAYS_EMBED_SWIFT_STANDARD_LIBRARIES = YES;
				ASSETCATALOG_COMPILER_APPICON_NAME = AppIcon;
				INFOPLIST_FILE = FilmFest/Info.plist;
				LD_RUNPATH_SEARCH_PATHS = "$(inherited) @executable_path/Frameworks";
				PRODUCT_BUNDLE_IDENTIFIER = com.HF.FilmFest;
				PRODUCT_NAME = "$(TARGET_NAME)";
				SWIFT_VERSION = 3.0;
			};
			name = Release;
		};
		36575DED1DB56FB50023D5CB /* Debug */ = {
			isa = XCBuildConfiguration;
			baseConfigurationReference = 03C0E3E91E36EAC01A784919 /* Pods-FilmFestTests.debug.xcconfig */;
			buildSettings = {
				ALWAYS_EMBED_SWIFT_STANDARD_LIBRARIES = YES;
				BUNDLE_LOADER = "$(TEST_HOST)";
				INFOPLIST_FILE = FilmFestTests/Info.plist;
				LD_RUNPATH_SEARCH_PATHS = "$(inherited) @executable_path/Frameworks @loader_path/Frameworks";
				PRODUCT_BUNDLE_IDENTIFIER = com.HF.FilmFestTests;
				PRODUCT_NAME = "$(TARGET_NAME)";
				SWIFT_VERSION = 3.0;
				TEST_HOST = "$(BUILT_PRODUCTS_DIR)/FilmFest.app/FilmFest";
			};
			name = Debug;
		};
		36575DEE1DB56FB50023D5CB /* Release */ = {
			isa = XCBuildConfiguration;
			baseConfigurationReference = 281F261CC0B484D274D26F4B /* Pods-FilmFestTests.release.xcconfig */;
			buildSettings = {
				ALWAYS_EMBED_SWIFT_STANDARD_LIBRARIES = YES;
				BUNDLE_LOADER = "$(TEST_HOST)";
				INFOPLIST_FILE = FilmFestTests/Info.plist;
				LD_RUNPATH_SEARCH_PATHS = "$(inherited) @executable_path/Frameworks @loader_path/Frameworks";
				PRODUCT_BUNDLE_IDENTIFIER = com.HF.FilmFestTests;
				PRODUCT_NAME = "$(TARGET_NAME)";
				SWIFT_VERSION = 3.0;
				TEST_HOST = "$(BUILT_PRODUCTS_DIR)/FilmFest.app/FilmFest";
			};
			name = Release;
		};
/* End XCBuildConfiguration section */

/* Begin XCConfigurationList section */
		36575DC71DB56FB50023D5CB /* Build configuration list for PBXProject "FilmFest" */ = {
			isa = XCConfigurationList;
			buildConfigurations = (
				36575DE71DB56FB50023D5CB /* Debug */,
				36575DE81DB56FB50023D5CB /* Release */,
			);
			defaultConfigurationIsVisible = 0;
			defaultConfigurationName = Release;
		};
		36575DE91DB56FB50023D5CB /* Build configuration list for PBXNativeTarget "FilmFest" */ = {
			isa = XCConfigurationList;
			buildConfigurations = (
				36575DEA1DB56FB50023D5CB /* Debug */,
				36575DEB1DB56FB50023D5CB /* Release */,
			);
			defaultConfigurationIsVisible = 0;
			defaultConfigurationName = Release;
		};
		36575DEC1DB56FB50023D5CB /* Build configuration list for PBXNativeTarget "FilmFestTests" */ = {
			isa = XCConfigurationList;
			buildConfigurations = (
				36575DED1DB56FB50023D5CB /* Debug */,
				36575DEE1DB56FB50023D5CB /* Release */,
			);
			defaultConfigurationIsVisible = 0;
			defaultConfigurationName = Release;
		};
/* End XCConfigurationList section */
	};
	rootObject = 36575DC41DB56FB50023D5CB /* Project object */;
}
